{
  "name": "belajar-nodejs-npm",
  "version": "1.0.0",
  "lockfileVersion": 3,
  "requires": true,
  "packages": {
    "": {
      "name": "belajar-nodejs-npm",
      "version": "1.0.0",
      "license": "ISC",
      "dependencies": {
        "belajar-nodejs-npm-package": "^2.1.2",
        "lodash": "4.17.21"
      },
      "devDependencies": {
        "moment": "^2.29.3"
      }
    },
    "node_modules/belajar-nodejs-npm-package": {
      "version": "2.1.2",
      "resolved": "https://registry.npmjs.org/belajar-nodejs-npm-package/-/belajar-nodejs-npm-package-2.1.2.tgz",
      "integrity": "sha512-W4xj71XSNtp0o+tDlcQ5w4zR+6xRYXQhCq2dE4BVj3bFtLjK/azl80RWzUaLjiIn2lrrb7fL1f1cdD72h+S7JQ=="
    },
    "node_modules/lodash": {
      "version": "4.17.21",
      "resolved": "https://registry.npmjs.org/lodash/-/lodash-4.17.21.tgz",
      "integrity": "sha512-v2kDEe57lecTulaDIuNTPy3Ry4gLGJ6Z1O3vE1krgXZNrsQ+LFTGHVxVjcXPs17LhbZVGedAJv8XZ1tvj5FvSg=="
    },
    "node_modules/moment": {
      "version": "2.30.1",
      "resolved": "https://registry.npmjs.org/moment/-/moment-2.30.1.tgz",
      "integrity": "sha512-uEmtNhbDOrWPFS+hdjFCBfy9f2YoyzRpwcl+DqpC6taX21FzsTLQVbMV/W7PzNSX6x/bhC1zA3c2UQ5NzH6how==",
      "dev": true,
      "engines": {
        "node": "*"
      }
    }
  }
}
